
Microsoft Visual Studio Solution File, Format Version 12.00
# Visual Studio Version 16
VisualStudioVersion = 16.0.31229.75
MinimumVisualStudioVersion = 10.0.40219.1
Project("{2150E333-8FDC-42A3-9474-1A3956D46DE8}") = "Services", "Services", "{713E80C4-9254-4677-8655-13888DEEF876}"
EndProject
Project("{2150E333-8FDC-42A3-9474-1A3956D46DE8}") = "Catalog", "Catalog", "{6216C64B-7759-4CB4-847C-052DDB542A53}"
EndProject
Project("{9A19103F-16F7-4668-BE54-9A1E7A4F7556}") = "Services.Catalog", "Services\Catalog\Services.Catalog\Services.Catalog.csproj", "{CFDCFDBC-85A3-4791-8103-BA7FFA3AC8AD}"
EndProject
Project("{2150E333-8FDC-42A3-9474-1A3956D46DE8}") = "Shared", "Shared", "{D6E3AB6E-AF4B-49C2-95E9-116962BB9EAB}"
EndProject
Project("{9A19103F-16F7-4668-BE54-9A1E7A4F7556}") = "SharedLib", "Shared\SharedLib\SharedLib.csproj", "{B7568FA3-16B2-4FE2-B35F-CBAADFF70073}"
EndProject
Project("{2150E333-8FDC-42A3-9474-1A3956D46DE8}") = "IdentityServer", "IdentityServer", "{53EC6D3B-F386-47CF-8BC4-0E8164D464C3}"
EndProject
Project("{9A19103F-16F7-4668-BE54-9A1E7A4F7556}") = "IdentityServerApp", "IdentityServer\IdentityServerApp\IdentityServerApp.csproj", "{68953A64-AE60-4B37-85C7-169B05F52AC1}"
EndProject
Project("{2150E333-8FDC-42A3-9474-1A3956D46DE8}") = "PhotoStock", "PhotoStock", "{6591FE9E-CC10-424C-9448-8428BCD9AFE8}"
EndProject
Project("{9A19103F-16F7-4668-BE54-9A1E7A4F7556}") = "Services.PhotoStock", "Services\PhotoStock\Services.PhotoStock\Services.PhotoStock.csproj", "{0F6A2587-5665-40F9-98CC-69C6807B1C33}"
EndProject
Project("{2150E333-8FDC-42A3-9474-1A3956D46DE8}") = "Basket", "Basket", "{A1DE2905-0791-4A23-8A52-DC57B9B89D81}"
EndProject
Project("{9A19103F-16F7-4668-BE54-9A1E7A4F7556}") = "Services.Basket", "Services\Basket\Services.Basket\Services.Basket.csproj", "{85B63052-0CE4-40F5-95D7-BD3255EDBF05}"
EndProject
Project("{2150E333-8FDC-42A3-9474-1A3956D46DE8}") = "Discount", "Discount", "{CE8CA542-43E7-492C-B269-F808A1A19733}"
EndProject
Project("{9A19103F-16F7-4668-BE54-9A1E7A4F7556}") = "Services.Discount", "Services\Discount\Services.Discount\Services.Discount.csproj", "{D9790320-20BC-4C7D-87A5-7C79D3050970}"
EndProject
Project("{2150E333-8FDC-42A3-9474-1A3956D46DE8}") = "Order", "Order", "{AE92F0A3-D900-4779-9E22-414A38E3C7A8}"
EndProject
Project("{9A19103F-16F7-4668-BE54-9A1E7A4F7556}") = "Services.Order.API", "Services\Order\Services.Order.API\Services.Order.API.csproj", "{F2023500-1D83-4FE9-AA13-5A639BC3915B}"
EndProject
Project("{9A19103F-16F7-4668-BE54-9A1E7A4F7556}") = "Services.Order.Application", "Services\Order\Services.Order.Application\Services.Order.Application.csproj", "{85EE43B5-CEFC-451A-84E5-52076AD4CA7A}"
EndProject
Project("{9A19103F-16F7-4668-BE54-9A1E7A4F7556}") = "Services.Order.Domain", "Services\Order\Services.Order.Domain\Services.Order.Domain.csproj", "{600F80F9-7E39-48B2-888E-81B48DDD3C6D}"
EndProject
Project("{9A19103F-16F7-4668-BE54-9A1E7A4F7556}") = "Services.Order.Domain.Core", "Services\Order\Services.Order.Domain.Core\Services.Order.Domain.Core.csproj", "{0FFE0820-CBB6-4E2A-B664-3500C76C4E79}"
EndProject
Project("{9A19103F-16F7-4668-BE54-9A1E7A4F7556}") = "Services.Order.Infrastructure", "Services\Order\Services.Order.Infrastructure\Services.Order.Infrastructure.csproj", "{4FE15015-1CC8-4C0A-B087-B46FCAB5A6D0}"
EndProject
Project("{2150E333-8FDC-42A3-9474-1A3956D46DE8}") = "FakePayment", "FakePayment", "{95788AEC-3429-4841-86CF-110ED4E6DF8B}"
EndProject
Project("{FAE04EC0-301F-11D3-BF4B-00C04F79EFBC}") = "Services.FakePayment", "Services\FakePayment\Services.FakePayment\Services.FakePayment.csproj", "{7E56E265-5D53-4061-8ADB-79848A047E03}"
EndProject
Global
	GlobalSection(SolutionConfigurationPlatforms) = preSolution
		Debug|Any CPU = Debug|Any CPU
		Release|Any CPU = Release|Any CPU
	EndGlobalSection
	GlobalSection(ProjectConfigurationPlatforms) = postSolution
		{CFDCFDBC-85A3-4791-8103-BA7FFA3AC8AD}.Debug|Any CPU.ActiveCfg = Debug|Any CPU
		{CFDCFDBC-85A3-4791-8103-BA7FFA3AC8AD}.Debug|Any CPU.Build.0 = Debug|Any CPU
		{CFDCFDBC-85A3-4791-8103-BA7FFA3AC8AD}.Release|Any CPU.ActiveCfg = Release|Any CPU
		{CFDCFDBC-85A3-4791-8103-BA7FFA3AC8AD}.Release|Any CPU.Build.0 = Release|Any CPU
		{B7568FA3-16B2-4FE2-B35F-CBAADFF70073}.Debug|Any CPU.ActiveCfg = Debug|Any CPU
		{B7568FA3-16B2-4FE2-B35F-CBAADFF70073}.Debug|Any CPU.Build.0 = Debug|Any CPU
		{B7568FA3-16B2-4FE2-B35F-CBAADFF70073}.Release|Any CPU.ActiveCfg = Release|Any CPU
		{B7568FA3-16B2-4FE2-B35F-CBAADFF70073}.Release|Any CPU.Build.0 = Release|Any CPU
		{68953A64-AE60-4B37-85C7-169B05F52AC1}.Debug|Any CPU.ActiveCfg = Debug|Any CPU
		{68953A64-AE60-4B37-85C7-169B05F52AC1}.Debug|Any CPU.Build.0 = Debug|Any CPU
		{68953A64-AE60-4B37-85C7-169B05F52AC1}.Release|Any CPU.ActiveCfg = Release|Any CPU
		{68953A64-AE60-4B37-85C7-169B05F52AC1}.Release|Any CPU.Build.0 = Release|Any CPU
		{0F6A2587-5665-40F9-98CC-69C6807B1C33}.Debug|Any CPU.ActiveCfg = Debug|Any CPU
		{0F6A2587-5665-40F9-98CC-69C6807B1C33}.Debug|Any CPU.Build.0 = Debug|Any CPU
		{0F6A2587-5665-40F9-98CC-69C6807B1C33}.Release|Any CPU.ActiveCfg = Release|Any CPU
		{0F6A2587-5665-40F9-98CC-69C6807B1C33}.Release|Any CPU.Build.0 = Release|Any CPU
		{85B63052-0CE4-40F5-95D7-BD3255EDBF05}.Debug|Any CPU.ActiveCfg = Debug|Any CPU
		{85B63052-0CE4-40F5-95D7-BD3255EDBF05}.Debug|Any CPU.Build.0 = Debug|Any CPU
		{85B63052-0CE4-40F5-95D7-BD3255EDBF05}.Release|Any CPU.ActiveCfg = Release|Any CPU
		{85B63052-0CE4-40F5-95D7-BD3255EDBF05}.Release|Any CPU.Build.0 = Release|Any CPU
		{D9790320-20BC-4C7D-87A5-7C79D3050970}.Debug|Any CPU.ActiveCfg = Debug|Any CPU
		{D9790320-20BC-4C7D-87A5-7C79D3050970}.Debug|Any CPU.Build.0 = Debug|Any CPU
		{D9790320-20BC-4C7D-87A5-7C79D3050970}.Release|Any CPU.ActiveCfg = Release|Any CPU
		{D9790320-20BC-4C7D-87A5-7C79D3050970}.Release|Any CPU.Build.0 = Release|Any CPU
		{F2023500-1D83-4FE9-AA13-5A639BC3915B}.Debug|Any CPU.ActiveCfg = Debug|Any CPU
		{F2023500-1D83-4FE9-AA13-5A639BC3915B}.Debug|Any CPU.Build.0 = Debug|Any CPU
		{F2023500-1D83-4FE9-AA13-5A639BC3915B}.Release|Any CPU.ActiveCfg = Release|Any CPU
		{F2023500-1D83-4FE9-AA13-5A639BC3915B}.Release|Any CPU.Build.0 = Release|Any CPU
		{85EE43B5-CEFC-451A-84E5-52076AD4CA7A}.Debug|Any CPU.ActiveCfg = Debug|Any CPU
		{85EE43B5-CEFC-451A-84E5-52076AD4CA7A}.Debug|Any CPU.Build.0 = Debug|Any CPU
		{85EE43B5-CEFC-451A-84E5-52076AD4CA7A}.Release|Any CPU.ActiveCfg = Release|Any CPU
		{85EE43B5-CEFC-451A-84E5-52076AD4CA7A}.Release|Any CPU.Build.0 = Release|Any CPU
		{600F80F9-7E39-48B2-888E-81B48DDD3C6D}.Debug|Any CPU.ActiveCfg = Debug|Any CPU
		{600F80F9-7E39-48B2-888E-81B48DDD3C6D}.Debug|Any CPU.Build.0 = Debug|Any CPU
		{600F80F9-7E39-48B2-888E-81B48DDD3C6D}.Release|Any CPU.ActiveCfg = Release|Any CPU
		{600F80F9-7E39-48B2-888E-81B48DDD3C6D}.Release|Any CPU.Build.0 = Release|Any CPU
		{0FFE0820-CBB6-4E2A-B664-3500C76C4E79}.Debug|Any CPU.ActiveCfg = Debug|Any CPU
		{0FFE0820-CBB6-4E2A-B664-3500C76C4E79}.Debug|Any CPU.Build.0 = Debug|Any CPU
		{0FFE0820-CBB6-4E2A-B664-3500C76C4E79}.Release|Any CPU.ActiveCfg = Release|Any CPU
		{0FFE0820-CBB6-4E2A-B664-3500C76C4E79}.Release|Any CPU.Build.0 = Release|Any CPU
		{4FE15015-1CC8-4C0A-B087-B46FCAB5A6D0}.Debug|Any CPU.ActiveCfg = Debug|Any CPU
		{4FE15015-1CC8-4C0A-B087-B46FCAB5A6D0}.Debug|Any CPU.Build.0 = Debug|Any CPU
		{4FE15015-1CC8-4C0A-B087-B46FCAB5A6D0}.Release|Any CPU.ActiveCfg = Release|Any CPU
		{4FE15015-1CC8-4C0A-B087-B46FCAB5A6D0}.Release|Any CPU.Build.0 = Release|Any CPU
		{7E56E265-5D53-4061-8ADB-79848A047E03}.Debug|Any CPU.ActiveCfg = Debug|Any CPU
		{7E56E265-5D53-4061-8ADB-79848A047E03}.Debug|Any CPU.Build.0 = Debug|Any CPU
		{7E56E265-5D53-4061-8ADB-79848A047E03}.Release|Any CPU.ActiveCfg = Release|Any CPU
		{7E56E265-5D53-4061-8ADB-79848A047E03}.Release|Any CPU.Build.0 = Release|Any CPU
	EndGlobalSection
	GlobalSection(SolutionProperties) = preSolution
		HideSolutionNode = FALSE
	EndGlobalSection
	GlobalSection(NestedProjects) = preSolution
		{6216C64B-7759-4CB4-847C-052DDB542A53} = {713E80C4-9254-4677-8655-13888DEEF876}
		{CFDCFDBC-85A3-4791-8103-BA7FFA3AC8AD} = {6216C64B-7759-4CB4-847C-052DDB542A53}
		{B7568FA3-16B2-4FE2-B35F-CBAADFF70073} = {D6E3AB6E-AF4B-49C2-95E9-116962BB9EAB}
		{68953A64-AE60-4B37-85C7-169B05F52AC1} = {53EC6D3B-F386-47CF-8BC4-0E8164D464C3}
		{6591FE9E-CC10-424C-9448-8428BCD9AFE8} = {713E80C4-9254-4677-8655-13888DEEF876}
		{0F6A2587-5665-40F9-98CC-69C6807B1C33} = {6591FE9E-CC10-424C-9448-8428BCD9AFE8}
		{A1DE2905-0791-4A23-8A52-DC57B9B89D81} = {713E80C4-9254-4677-8655-13888DEEF876}
		{85B63052-0CE4-40F5-95D7-BD3255EDBF05} = {A1DE2905-0791-4A23-8A52-DC57B9B89D81}
		{CE8CA542-43E7-492C-B269-F808A1A19733} = {713E80C4-9254-4677-8655-13888DEEF876}
		{D9790320-20BC-4C7D-87A5-7C79D3050970} = {CE8CA542-43E7-492C-B269-F808A1A19733}
		{AE92F0A3-D900-4779-9E22-414A38E3C7A8} = {713E80C4-9254-4677-8655-13888DEEF876}
		{F2023500-1D83-4FE9-AA13-5A639BC3915B} = {AE92F0A3-D900-4779-9E22-414A38E3C7A8}
		{85EE43B5-CEFC-451A-84E5-52076AD4CA7A} = {AE92F0A3-D900-4779-9E22-414A38E3C7A8}
		{600F80F9-7E39-48B2-888E-81B48DDD3C6D} = {AE92F0A3-D900-4779-9E22-414A38E3C7A8}
		{0FFE0820-CBB6-4E2A-B664-3500C76C4E79} = {AE92F0A3-D900-4779-9E22-414A38E3C7A8}
		{4FE15015-1CC8-4C0A-B087-B46FCAB5A6D0} = {AE92F0A3-D900-4779-9E22-414A38E3C7A8}
		{95788AEC-3429-4841-86CF-110ED4E6DF8B} = {713E80C4-9254-4677-8655-13888DEEF876}
		{7E56E265-5D53-4061-8ADB-79848A047E03} = {95788AEC-3429-4841-86CF-110ED4E6DF8B}
	EndGlobalSection
	GlobalSection(ExtensibilityGlobals) = postSolution
		SolutionGuid = {3D6F9B5A-4907-4225-B10A-E6FE495AADA1}
	EndGlobalSection
EndGlobal
